
Microsoft Visual Studio Solution File, Format Version 12.00
# Visual Studio Version 17
VisualStudioVersion = 17.9.34701.34
MinimumVisualStudioVersion = 10.0.40219.1
Project("{9A19103F-16F7-4668-BE54-9A1E7A4F7556}") = "WebApplicationTemplate", "WebApplicationTemplate.csproj", "{47B03658-9F8C-485A-A688-B3EB1E410215}"
EndProject
Global
	GlobalSection(SolutionConfigurationPlatforms) = preSolution
		Debug|Any CPU = Debug|Any CPU
		Release|Any CPU = Release|Any CPU
	EndGlobalSection
	GlobalSection(ProjectConfigurationPlatforms) = postSolution
		{47B03658-9F8C-485A-A688-B3EB1E410215}.Debug|Any CPU.ActiveCfg = Debug|Any CPU
		{47B03658-9F8C-485A-A688-B3EB1E410215}.Debug|Any CPU.Build.0 = Debug|Any CPU
		{47B03658-9F8C-485A-A688-B3EB1E410215}.Release|Any CPU.ActiveCfg = Release|Any CPU
		{47B03658-9F8C-485A-A688-B3EB1E410215}.Release|Any CPU.Build.0 = Release|Any CPU
	EndGlobalSection
	GlobalSection(SolutionProperties) = preSolution
		HideSolutionNode = FALSE
	EndGlobalSection
	GlobalSection(ExtensibilityGlobals) = postSolution
		SolutionGuid = {003F92A9-9789-4842-8C93-17A61022CD15}
	EndGlobalSection
EndGlobal
